
Microsoft Visual Studio Solution File, Format Version 12.00
# Visual Studio Version 17
VisualStudioVersion = 17.9.34607.119
MinimumVisualStudioVersion = 10.0.40219.1
Project("{FAE04EC0-301F-11D3-BF4B-00C04F79EFBC}") = "MediaAPI", "MediaAPI\MediaAPI.csproj", "{C9D99B52-9EFB-4D42-8C1E-5AC868D2C396}"
EndProject
Global
	GlobalSection(SolutionConfigurationPlatforms) = preSolution
		Debug|Any CPU = Debug|Any CPU
		Release|Any CPU = Release|Any CPU
	EndGlobalSection
	GlobalSection(ProjectConfigurationPlatforms) = postSolution
		{C9D99B52-9EFB-4D42-8C1E-5AC868D2C396}.Debug|Any CPU.ActiveCfg = Debug|Any CPU
		{C9D99B52-9EFB-4D42-8C1E-5AC868D2C396}.Debug|Any CPU.Build.0 = Debug|Any CPU
		{C9D99B52-9EFB-4D42-8C1E-5AC868D2C396}.Release|Any CPU.ActiveCfg = Release|Any CPU
		{C9D99B52-9EFB-4D42-8C1E-5AC868D2C396}.Release|Any CPU.Build.0 = Release|Any CPU
	EndGlobalSection
	GlobalSection(SolutionProperties) = preSolution
		HideSolutionNode = FALSE
	EndGlobalSection
	GlobalSection(ExtensibilityGlobals) = postSolution
		SolutionGuid = {F6ED2CD3-4752-4D0E-9A6C-AFFE0512C42A}
	EndGlobalSection
EndGlobal
